// !$*UTF8*$!
{
	archiveVersion = 1;
	classes = {
	};
	objectVersion = 46;
	objects = {

/* Begin PBXBuildFile section */
		7E293BC8183BA7D10013D90E /* Foundation.framework in Frameworks */ = {isa = PBXBuildFile; fileRef = 7E293BC7183BA7D10013D90E /* Foundation.framework */; };
		7E293BCA183BA7D10013D90E /* CoreGraphics.framework in Frameworks */ = {isa = PBXBuildFile; fileRef = 7E293BC9183BA7D10013D90E /* CoreGraphics.framework */; };
		7E293BCC183BA7D10013D90E /* UIKit.framework in Frameworks */ = {isa = PBXBuildFile; fileRef = 7E293BCB183BA7D10013D90E /* UIKit.framework */; };
		7E293BD4183BA7D10013D90E /* main.m in Sources */ = {isa = PBXBuildFile; fileRef = 7E293BD3183BA7D10013D90E /* main.m */; };
		7E293BD8183BA7D10013D90E /* IEXAppDelegate.m in Sources */ = {isa = PBXBuildFile; fileRef = 7E293BD7183BA7D10013D90E /* IEXAppDelegate.m */; };
		7E293BDB183BA7D10013D90E /* Main.storyboard in Resources */ = {isa = PBXBuildFile; fileRef = 7E293BD9183BA7D10013D90E /* Main.storyboard */; };
		7E293BDE183BA7D10013D90E /* IEXViewController.m in Sources */ = {isa = PBXBuildFile; fileRef = 7E293BDD183BA7D10013D90E /* IEXViewController.m */; };
		7E293BE0183BA7D10013D90E /* Images.xcassets in Resources */ = {isa = PBXBuildFile; fileRef = 7E293BDF183BA7D10013D90E /* Images.xcassets */; };
		7E293BE7183BA7D10013D90E /* XCTest.framework in Frameworks */ = {isa = PBXBuildFile; fileRef = 7E293BE6183BA7D10013D90E /* XCTest.framework */; };
		7E293BE8183BA7D10013D90E /* Foundation.framework in Frameworks */ = {isa = PBXBuildFile; fileRef = 7E293BC7183BA7D10013D90E /* Foundation.framework */; };
		7E293BE9183BA7D10013D90E /* UIKit.framework in Frameworks */ = {isa = PBXBuildFile; fileRef = 7E293BCB183BA7D10013D90E /* UIKit.framework */; };
		7E293BF3183BA7D10013D90E /* InternationalizationExampleTests.m in Sources */ = {isa = PBXBuildFile; fileRef = 7E293BF2183BA7D10013D90E /* InternationalizationExampleTests.m */; };
		7E4B4996183CDA7C009B43F4 /* InfoPlist.strings in Resources */ = {isa = PBXBuildFile; fileRef = 7E4B4994183CDA7C009B43F4 /* InfoPlist.strings */; };
		7E4B499F183CE426009B43F4 /* Localizable.strings in Resources */ = {isa = PBXBuildFile; fileRef = 7E4B499D183CE426009B43F4 /* Localizable.strings */; };
/* End PBXBuildFile section */

/* Begin PBXContainerItemProxy section */
		7E293BEA183BA7D10013D90E /* PBXContainerItemProxy */ = {
			isa = PBXContainerItemProxy;
			containerPortal = 7E293BBC183BA7D10013D90E /* Project object */;
			proxyType = 1;
			remoteGlobalIDString = 7E293BC3183BA7D10013D90E;
			remoteInfo = InternationalizationExample;
		};
/* End PBXContainerItemProxy section */

/* Begin PBXFileReference section */
		7E293BC4183BA7D10013D90E /* InternationalizationExample.app */ = {isa = PBXFileReference; explicitFileType = wrapper.application; includeInIndex = 0; path = InternationalizationExample.app; sourceTree = BUILT_PRODUCTS_DIR; };
		7E293BC7183BA7D10013D90E /* Foundation.framework */ = {isa = PBXFileReference; lastKnownFileType = wrapper.framework; name = Foundation.framework; path = System/Library/Frameworks/Foundation.framework; sourceTree = SDKROOT; };
		7E293BC9183BA7D10013D90E /* CoreGraphics.framework */ = {isa = PBXFileReference; lastKnownFileType = wrapper.framework; name = CoreGraphics.framework; path = System/Library/Frameworks/CoreGraphics.framework; sourceTree = SDKROOT; };
		7E293BCB183BA7D10013D90E /* UIKit.framework */ = {isa = PBXFileReference; lastKnownFileType = wrapper.framework; name = UIKit.framework; path = System/Library/Frameworks/UIKit.framework; sourceTree = SDKROOT; };
		7E293BCF183BA7D10013D90E /* InternationalizationExample-Info.plist */ = {isa = PBXFileReference; lastKnownFileType = text.plist.xml; path = "InternationalizationExample-Info.plist"; sourceTree = "<group>"; };
		7E293BD3183BA7D10013D90E /* main.m */ = {isa = PBXFileReference; lastKnownFileType = sourcecode.c.objc; path = main.m; sourceTree = "<group>"; };
		7E293BD5183BA7D10013D90E /* InternationalizationExample-Prefix.pch */ = {isa = PBXFileReference; lastKnownFileType = sourcecode.c.h; path = "InternationalizationExample-Prefix.pch"; sourceTree = "<group>"; };
		7E293BD6183BA7D10013D90E /* IEXAppDelegate.h */ = {isa = PBXFileReference; lastKnownFileType = sourcecode.c.h; path = IEXAppDelegate.h; sourceTree = "<group>"; };
		7E293BD7183BA7D10013D90E /* IEXAppDelegate.m */ = {isa = PBXFileReference; lastKnownFileType = sourcecode.c.objc; path = IEXAppDelegate.m; sourceTree = "<group>"; };
		7E293BDA183BA7D10013D90E /* Base */ = {isa = PBXFileReference; lastKnownFileType = file.storyboard; name = Base; path = Base.lproj/Main.storyboard; sourceTree = "<group>"; };
		7E293BDC183BA7D10013D90E /* IEXViewController.h */ = {isa = PBXFileReference; lastKnownFileType = sourcecode.c.h; path = IEXViewController.h; sourceTree = "<group>"; };
		7E293BDD183BA7D10013D90E /* IEXViewController.m */ = {isa = PBXFileReference; lastKnownFileType = sourcecode.c.objc; path = IEXViewController.m; sourceTree = "<group>"; };
		7E293BDF183BA7D10013D90E /* Images.xcassets */ = {isa = PBXFileReference; lastKnownFileType = folder.assetcatalog; path = Images.xcassets; sourceTree = "<group>"; };
		7E293BE5183BA7D10013D90E /* InternationalizationExampleTests.xctest */ = {isa = PBXFileReference; explicitFileType = wrapper.cfbundle; includeInIndex = 0; path = InternationalizationExampleTests.xctest; sourceTree = BUILT_PRODUCTS_DIR; };
		7E293BE6183BA7D10013D90E /* XCTest.framework */ = {isa = PBXFileReference; lastKnownFileType = wrapper.framework; name = XCTest.framework; path = Library/Frameworks/XCTest.framework; sourceTree = DEVELOPER_DIR; };
		7E293BEE183BA7D10013D90E /* InternationalizationExampleTests-Info.plist */ = {isa = PBXFileReference; lastKnownFileType = text.plist.xml; path = "InternationalizationExampleTests-Info.plist"; sourceTree = "<group>"; };
		7E293BF2183BA7D10013D90E /* InternationalizationExampleTests.m */ = {isa = PBXFileReference; lastKnownFileType = sourcecode.c.objc; path = InternationalizationExampleTests.m; sourceTree = "<group>"; };
		7E4B4995183CDA7C009B43F4 /* en */ = {isa = PBXFileReference; lastKnownFileType = text.plist.strings; name = en; path = en.lproj/InfoPlist.strings; sourceTree = "<group>"; };
		7E4B4997183CDB16009B43F4 /* fr */ = {isa = PBXFileReference; lastKnownFileType = text.plist.strings; name = fr; path = fr.lproj/Main.strings; sourceTree = "<group>"; };
		7E4B4998183CDB16009B43F4 /* fr */ = {isa = PBXFileReference; lastKnownFileType = text.plist.strings; name = fr; path = fr.lproj/InfoPlist.strings; sourceTree = "<group>"; };
		7E4B4999183CDB1C009B43F4 /* de */ = {isa = PBXFileReference; fileEncoding = 4; lastKnownFileType = text.plist.strings; name = de; path = de.lproj/Main.strings; sourceTree = "<group>"; };
		7E4B499A183CDB1C009B43F4 /* de */ = {isa = PBXFileReference; lastKnownFileType = text.plist.strings; name = de; path = de.lproj/InfoPlist.strings; sourceTree = "<group>"; };
		7E4B499B183CDBD4009B43F4 /* en */ = {isa = PBXFileReference; lastKnownFileType = text.plist.strings; name = en; path = en.lproj/Main.strings; sourceTree = "<group>"; };
		7E4B499E183CE426009B43F4 /* en */ = {isa = PBXFileReference; lastKnownFileType = text.plist.strings; name = en; path = en.lproj/Localizable.strings; sourceTree = "<group>"; };
		7E4B49A0183CE42A009B43F4 /* fr */ = {isa = PBXFileReference; lastKnownFileType = text.plist.strings; name = fr; path = fr.lproj/Localizable.strings; sourceTree = "<group>"; };
		7E4B49A2183CE4C8009B43F4 /* de */ = {isa = PBXFileReference; lastKnownFileType = text.plist.strings; name = de; path = de.lproj/Localizable.strings; sourceTree = "<group>"; };
/* End PBXFileReference section */

/* Begin PBXFrameworksBuildPhase section */
		7E293BC1183BA7D10013D90E /* Frameworks */ = {
			isa = PBXFrameworksBuildPhase;
			buildActionMask = 2147483647;
			files = (
				7E293BCA183BA7D10013D90E /* CoreGraphics.framework in Frameworks */,
				7E293BCC183BA7D10013D90E /* UIKit.framework in Frameworks */,
				7E293BC8183BA7D10013D90E /* Foundation.framework in Frameworks */,
			);
			runOnlyForDeploymentPostprocessing = 0;
		};
		7E293BE2183BA7D10013D90E /* Frameworks */ = {
			isa = PBXFrameworksBuildPhase;
			buildActionMask = 2147483647;
			files = (
				7E293BE7183BA7D10013D90E /* XCTest.framework in Frameworks */,
				7E293BE9183BA7D10013D90E /* UIKit.framework in Frameworks */,
				7E293BE8183BA7D10013D90E /* Foundation.framework in Frameworks */,
			);
			runOnlyForDeploymentPostprocessing = 0;
		};
/* End PBXFrameworksBuildPhase section */

/* Begin PBXGroup section */
		7E293BBB183BA7D10013D90E = {
			isa = PBXGroup;
			children = (
				7E293BCD183BA7D10013D90E /* InternationalizationExample */,
				7E293BEC183BA7D10013D90E /* InternationalizationExampleTests */,
				7E293BC6183BA7D10013D90E /* Frameworks */,
				7E293BC5183BA7D10013D90E /* Products */,
			);
			sourceTree = "<group>";
		};
		7E293BC5183BA7D10013D90E /* Products */ = {
			isa = PBXGroup;
			children = (
				7E293BC4183BA7D10013D90E /* InternationalizationExample.app */,
				7E293BE5183BA7D10013D90E /* InternationalizationExampleTests.xctest */,
			);
			name = Products;
			sourceTree = "<group>";
		};
		7E293BC6183BA7D10013D90E /* Frameworks */ = {
			isa = PBXGroup;
			children = (
				7E293BC7183BA7D10013D90E /* Foundation.framework */,
				7E293BC9183BA7D10013D90E /* CoreGraphics.framework */,
				7E293BCB183BA7D10013D90E /* UIKit.framework */,
				7E293BE6183BA7D10013D90E /* XCTest.framework */,
			);
			name = Frameworks;
			sourceTree = "<group>";
		};
		7E293BCD183BA7D10013D90E /* InternationalizationExample */ = {
			isa = PBXGroup;
			children = (
				7E4B499C183CE41B009B43F4 /* Resources */,
				7E293BD6183BA7D10013D90E /* IEXAppDelegate.h */,
				7E293BD7183BA7D10013D90E /* IEXAppDelegate.m */,
				7E293BD9183BA7D10013D90E /* Main.storyboard */,
				7E293BDC183BA7D10013D90E /* IEXViewController.h */,
				7E293BDD183BA7D10013D90E /* IEXViewController.m */,
				7E293BDF183BA7D10013D90E /* Images.xcassets */,
				7E293BCE183BA7D10013D90E /* Supporting Files */,
			);
			path = InternationalizationExample;
			sourceTree = "<group>";
		};
		7E293BCE183BA7D10013D90E /* Supporting Files */ = {
			isa = PBXGroup;
			children = (
				7E4B4994183CDA7C009B43F4 /* InfoPlist.strings */,
				7E293BCF183BA7D10013D90E /* InternationalizationExample-Info.plist */,
				7E293BD3183BA7D10013D90E /* main.m */,
				7E293BD5183BA7D10013D90E /* InternationalizationExample-Prefix.pch */,
			);
			name = "Supporting Files";
			sourceTree = "<group>";
		};
		7E293BEC183BA7D10013D90E /* InternationalizationExampleTests */ = {
			isa = PBXGroup;
			children = (
				7E293BF2183BA7D10013D90E /* InternationalizationExampleTests.m */,
				7E293BED183BA7D10013D90E /* Supporting Files */,
			);
			path = InternationalizationExampleTests;
			sourceTree = "<group>";
		};
		7E293BED183BA7D10013D90E /* Supporting Files */ = {
			isa = PBXGroup;
			children = (
				7E293BEE183BA7D10013D90E /* InternationalizationExampleTests-Info.plist */,
			);
			name = "Supporting Files";
			sourceTree = "<group>";
		};
		7E4B499C183CE41B009B43F4 /* Resources */ = {
			isa = PBXGroup;
			children = (
				7E4B499D183CE426009B43F4 /* Localizable.strings */,
			);
			name = Resources;
			sourceTree = "<group>";
		};
/* End PBXGroup section */

/* Begin PBXNativeTarget section */
		7E293BC3183BA7D10013D90E /* InternationalizationExample */ = {
			isa = PBXNativeTarget;
			buildConfigurationList = 7E293BF6183BA7D10013D90E /* Build configuration list for PBXNativeTarget "InternationalizationExample" */;
			buildPhases = (
				7E293BC0183BA7D10013D90E /* Sources */,
				7E293BC1183BA7D10013D90E /* Frameworks */,
				7E293BC2183BA7D10013D90E /* Resources */,
			);
			buildRules = (
			);
			dependencies = (
			);
			name = InternationalizationExample;
			productName = InternationalizationExample;
			productReference = 7E293BC4183BA7D10013D90E /* InternationalizationExample.app */;
			productType = "com.apple.product-type.application";
		};
		7E293BE4183BA7D10013D90E /* InternationalizationExampleTests */ = {
			isa = PBXNativeTarget;
			buildConfigurationList = 7E293BF9183BA7D10013D90E /* Build configuration list for PBXNativeTarget "InternationalizationExampleTests" */;
			buildPhases = (
				7E293BE1183BA7D10013D90E /* Sources */,
				7E293BE2183BA7D10013D90E /* Frameworks */,
				7E293BE3183BA7D10013D90E /* Resources */,
			);
			buildRules = (
			);
			dependencies = (
				7E293BEB183BA7D10013D90E /* PBXTargetDependency */,
			);
			name = InternationalizationExampleTests;
			productName = InternationalizationExampleTests;
			productReference = 7E293BE5183BA7D10013D90E /* InternationalizationExampleTests.xctest */;
			productType = "com.apple.product-type.bundle.unit-test";
		};
/* End PBXNativeTarget section */

/* Begin PBXProject section */
		7E293BBC183BA7D10013D90E /* Project object */ = {
			isa = PBXProject;
			attributes = {
				CLASSPREFIX = IEX;
				LastUpgradeCheck = 0500;
				ORGANIZATIONNAME = "Claire Reynaud";
				TargetAttributes = {
					7E293BE4183BA7D10013D90E = {
						TestTargetID = 7E293BC3183BA7D10013D90E;
					};
				};
			};
			buildConfigurationList = 7E293BBF183BA7D10013D90E /* Build configuration list for PBXProject "InternationalizationExample" */;
			compatibilityVersion = "Xcode 3.2";
			developmentRegion = English;
			hasScannedForEncodings = 0;
			knownRegions = (
				en,
				Base,
				fr,
				de,
			);
			mainGroup = 7E293BBB183BA7D10013D90E;
			productRefGroup = 7E293BC5183BA7D10013D90E /* Products */;
			projectDirPath = "";
			projectRoot = "";
			targets = (
				7E293BC3183BA7D10013D90E /* InternationalizationExample */,
				7E293BE4183BA7D10013D90E /* InternationalizationExampleTests */,
			);
		};
/* End PBXProject section */

/* Begin PBXResourcesBuildPhase section */
		7E293BC2183BA7D10013D90E /* Resources */ = {
			isa = PBXResourcesBuildPhase;
			buildActionMask = 2147483647;
			files = (
				7E293BE0183BA7D10013D90E /* Images.xcassets in Resources */,
				7E4B499F183CE426009B43F4 /* Localizable.strings in Resources */,
				7E4B4996183CDA7C009B43F4 /* InfoPlist.strings in Resources */,
				7E293BDB183BA7D10013D90E /* Main.storyboard in Resources */,
			);
			runOnlyForDeploymentPostprocessing = 0;
		};
		7E293BE3183BA7D10013D90E /* Resources */ = {
			isa = PBXResourcesBuildPhase;
			buildActionMask = 2147483647;
			files = (
			);
			runOnlyForDeploymentPostprocessing = 0;
		};
/* End PBXResourcesBuildPhase section */

/* Begin PBXSourcesBuildPhase section */
		7E293BC0183BA7D10013D90E /* Sources */ = {
			isa = PBXSourcesBuildPhase;
			buildActionMask = 2147483647;
			files = (
				7E293BD4183BA7D10013D90E /* main.m in Sources */,
				7E293BDE183BA7D10013D90E /* IEXViewController.m in Sources */,
				7E293BD8183BA7D10013D90E /* IEXAppDelegate.m in Sources */,
			);
			runOnlyForDeploymentPostprocessing = 0;
		};
		7E293BE1183BA7D10013D90E /* Sources */ = {
			isa = PBXSourcesBuildPhase;
			buildActionMask = 2147483647;
			files = (
				7E293BF3183BA7D10013D90E /* InternationalizationExampleTests.m in Sources */,
			);
			runOnlyForDeploymentPostprocessing = 0;
		};
/* End PBXSourcesBuildPhase section */

/* Begin PBXTargetDependency section */
		7E293BEB183BA7D10013D90E /* PBXTargetDependency */ = {
			isa = PBXTargetDependency;
			target = 7E293BC3183BA7D10013D90E /* InternationalizationExample */;
			targetProxy = 7E293BEA183BA7D10013D90E /* PBXContainerItemProxy */;
		};
/* End PBXTargetDependency section */

/* Begin PBXVariantGroup section */
		7E293BD9183BA7D10013D90E /* Main.storyboard */ = {
			isa = PBXVariantGroup;
			children = (
				7E293BDA183BA7D10013D90E /* Base */,
				7E4B4997183CDB16009B43F4 /* fr */,
				7E4B4999183CDB1C009B43F4 /* de */,
				7E4B499B183CDBD4009B43F4 /* en */,
			);
			name = Main.storyboard;
			sourceTree = "<group>";
		};
		7E4B4994183CDA7C009B43F4 /* InfoPlist.strings */ = {
			isa = PBXVariantGroup;
			children = (
				7E4B4995183CDA7C009B43F4 /* en */,
				7E4B4998183CDB16009B43F4 /* fr */,
				7E4B499A183CDB1C009B43F4 /* de */,
			);
			name = InfoPlist.strings;
			sourceTree = "<group>";
		};
		7E4B499D183CE426009B43F4 /* Localizable.strings */ = {
			isa = PBXVariantGroup;
			children = (
				7E4B499E183CE426009B43F4 /* en */,
				7E4B49A0183CE42A009B43F4 /* fr */,
				7E4B49A2183CE4C8009B43F4 /* de */,
			);
			name = Localizable.strings;
			sourceTree = "<group>";
		};
/* End PBXVariantGroup section */

/* Begin XCBuildConfiguration section */
		7E293BF4183BA7D10013D90E /* Debug */ = {
			isa = XCBuildConfiguration;
			buildSettings = {
				ALWAYS_SEARCH_USER_PATHS = NO;
				ARCHS = "$(ARCHS_STANDARD_INCLUDING_64_BIT)";
				CLANG_CXX_LANGUAGE_STANDARD = "gnu++0x";
				CLANG_CXX_LIBRARY = "libc++";
				CLANG_ENABLE_MODULES = YES;
				CLANG_ENABLE_OBJC_ARC = YES;
				CLANG_WARN_BOOL_CONVERSION = YES;
				CLANG_WARN_CONSTANT_CONVERSION = YES;
				CLANG_WARN_DIRECT_OBJC_ISA_USAGE = YES_ERROR;
				CLANG_WARN_EMPTY_BODY = YES;
				CLANG_WARN_ENUM_CONVERSION = YES;
				CLANG_WARN_INT_CONVERSION = YES;
				CLANG_WARN_OBJC_ROOT_CLASS = YES_ERROR;
				CLANG_WARN__DUPLICATE_METHOD_MATCH = YES;
				"CODE_SIGN_IDENTITY[sdk=iphoneos*]" = "iPhone Developer";
				COPY_PHASE_STRIP = NO;
				GCC_C_LANGUAGE_STANDARD = gnu99;
				GCC_DYNAMIC_NO_PIC = NO;
				GCC_OPTIMIZATION_LEVEL = 0;
				GCC_PREPROCESSOR_DEFINITIONS = (
					"DEBUG=1",
					"$(inherited)",
				);
				GCC_SYMBOLS_PRIVATE_EXTERN = NO;
				GCC_WARN_64_TO_32_BIT_CONVERSION = YES;
				GCC_WARN_ABOUT_RETURN_TYPE = YES_ERROR;
				GCC_WARN_UNDECLARED_SELECTOR = YES;
				GCC_WARN_UNINITIALIZED_AUTOS = YES;
				GCC_WARN_UNUSED_FUNCTION = YES;
				GCC_WARN_UNUSED_VARIABLE = YES;
				IPHONEOS_DEPLOYMENT_TARGET = 7.0;
				ONLY_ACTIVE_ARCH = YES;
				SDKROOT = iphoneos;
			};
			name = Debug;
		};
		7E293BF5183BA7D10013D90E /* Release */ = {
			isa = XCBuildConfiguration;
			buildSettings = {
				ALWAYS_SEARCH_USER_PATHS = NO;
				ARCHS = "$(ARCHS_STANDARD_INCLUDING_64_BIT)";
				CLANG_CXX_LANGUAGE_STANDARD = "gnu++0x";
				CLANG_CXX_LIBRARY = "libc++";
				CLANG_ENABLE_MODULES = YES;
				CLANG_ENABLE_OBJC_ARC = YES;
				CLANG_WARN_BOOL_CONVERSION = YES;
				CLANG_WARN_CONSTANT_CONVERSION = YES;
				CLANG_WARN_DIRECT_OBJC_ISA_USAGE = YES_ERROR;
				CLANG_WARN_EMPTY_BODY = YES;
				CLANG_WARN_ENUM_CONVERSION = YES;
				CLANG_WARN_INT_CONVERSION = YES;
				CLANG_WARN_OBJC_ROOT_CLASS = YES_ERROR;
				CLANG_WARN__DUPLICATE_METHOD_MATCH = YES;
				"CODE_SIGN_IDENTITY[sdk=iphoneos*]" = "iPhone Developer";
				COPY_PHASE_STRIP = YES;
				ENABLE_NS_ASSERTIONS = NO;
				GCC_C_LANGUAGE_STANDARD = gnu99;
				GCC_WARN_64_TO_32_BIT_CONVERSION = YES;
				GCC_WARN_ABOUT_RETURN_TYPE = YES_ERROR;
				GCC_WARN_UNDECLARED_SELECTOR = YES;
				GCC_WARN_UNINITIALIZED_AUTOS = YES;
				GCC_WARN_UNUSED_FUNCTION = YES;
				GCC_WARN_UNUSED_VARIABLE = YES;
				IPHONEOS_DEPLOYMENT_TARGET = 7.0;
				SDKROOT = iphoneos;
				VALIDATE_PRODUCT = YES;
			};
			name = Release;
		};
		7E293BF7183BA7D10013D90E /* Debug */ = {
			isa = XCBuildConfiguration;
			buildSettings = {
				ASSETCATALOG_COMPILER_APPICON_NAME = AppIcon;
				ASSETCATALOG_COMPILER_LAUNCHIMAGE_NAME = LaunchImage;
				GCC_PRECOMPILE_PREFIX_HEADER = YES;
				GCC_PREFIX_HEADER = "InternationalizationExample/InternationalizationExample-Prefix.pch";
				INFOPLIST_FILE = "InternationalizationExample/InternationalizationExample-Info.plist";
				PRODUCT_NAME = "$(TARGET_NAME)";
				WRAPPER_EXTENSION = app;
			};
			name = Debug;
		};
		7E293BF8183BA7D10013D90E /* Release */ = {
			isa = XCBuildConfiguration;
			buildSettings = {
				ASSETCATALOG_COMPILER_APPICON_NAME = AppIcon;
				ASSETCATALOG_COMPILER_LAUNCHIMAGE_NAME = LaunchImage;
				GCC_PRECOMPILE_PREFIX_HEADER = YES;
				GCC_PREFIX_HEADER = "InternationalizationExample/InternationalizationExample-Prefix.pch";
				INFOPLIST_FILE = "InternationalizationExample/InternationalizationExample-Info.plist";
				PRODUCT_NAME = "$(TARGET_NAME)";
				WRAPPER_EXTENSION = app;
			};
			name = Release;
		};
		7E293BFA183BA7D10013D90E /* Debug */ = {
			isa = XCBuildConfiguration;
			buildSettings = {
				ARCHS = "$(ARCHS_STANDARD_INCLUDING_64_BIT)";
				BUNDLE_LOADER = "$(BUILT_PRODUCTS_DIR)/InternationalizationExample.app/InternationalizationExample";
				FRAMEWORK_SEARCH_PATHS = (
					"$(SDKROOT)/Developer/Library/Frameworks",
					"$(inherited)",
					"$(DEVELOPER_FRAMEWORKS_DIR)",
				);
				GCC_PRECOMPILE_PREFIX_HEADER = YES;
				GCC_PREFIX_HEADER = "InternationalizationExample/InternationalizationExample-Prefix.pch";
				GCC_PREPROCESSOR_DEFINITIONS = (
					"DEBUG=1",
					"$(inherited)",
				);
				INFOPLIST_FILE = "InternationalizationExampleTests/InternationalizationExampleTests-Info.plist";
				PRODUCT_NAME = "$(TARGET_NAME)";
				TEST_HOST = "$(BUNDLE_LOADER)";
				WRAPPER_EXTENSION = xctest;
			};
			name = Debug;
		};
		7E293BFB183BA7D10013D90E /* Release */ = {
			isa = XCBuildConfiguration;
			buildSettings = {
				ARCHS = "$(ARCHS_STANDARD_INCLUDING_64_BIT)";
				BUNDLE_LOADER = "$(BUILT_PRODUCTS_DIR)/InternationalizationExample.app/InternationalizationExample";
				FRAMEWORK_SEARCH_PATHS = (
					"$(SDKROOT)/Developer/Library/Frameworks",
					"$(inherited)",
					"$(DEVELOPER_FRAMEWORKS_DIR)",
				);
				GCC_PRECOMPILE_PREFIX_HEADER = YES;
				GCC_PREFIX_HEADER = "InternationalizationExample/InternationalizationExample-Prefix.pch";
				INFOPLIST_FILE = "InternationalizationExampleTests/InternationalizationExampleTests-Info.plist";
				PRODUCT_NAME = "$(TARGET_NAME)";
				TEST_HOST = "$(BUNDLE_LOADER)";
				WRAPPER_EXTENSION = xctest;
			};
			name = Release;
		};
/* End XCBuildConfiguration section */

/* Begin XCConfigurationList section */
		7E293BBF183BA7D10013D90E /* Build configuration list for PBXProject "InternationalizationExample" */ = {
			isa = XCConfigurationList;
			buildConfigurations = (
				7E293BF4183BA7D10013D90E /* Debug */,
				7E293BF5183BA7D10013D90E /* Release */,
			);
			defaultConfigurationIsVisible = 0;
			defaultConfigurationName = Release;
		};
		7E293BF6183BA7D10013D90E /* Build configuration list for PBXNativeTarget "InternationalizationExample" */ = {
			isa = XCConfigurationList;
			buildConfigurations = (
				7E293BF7183BA7D10013D90E /* Debug */,
				7E293BF8183BA7D10013D90E /* Release */,
			);
			defaultConfigurationIsVisible = 0;
			defaultConfigurationName = Release;
		};
		7E293BF9183BA7D10013D90E /* Build configuration list for PBXNativeTarget "InternationalizationExampleTests" */ = {
			isa = XCConfigurationList;
			buildConfigurations = (
				7E293BFA183BA7D10013D90E /* Debug */,
				7E293BFB183BA7D10013D90E /* Release */,
			);
			defaultConfigurationIsVisible = 0;
			defaultConfigurationName = Release;
		};
/* End XCConfigurationList section */
	};
	rootObject = 7E293BBC183BA7D10013D90E /* Project object */;
}
